// !$*UTF8*$!
{
	archiveVersion = 1;
	classes = {
	};
	objectVersion = 50;
	objects = {

/* Begin PBXBuildFile section */
		FAE18DE82626E5EA0073DECC /* AppDelegate.swift in Sources */ = {isa = PBXBuildFile; fileRef = FAE18DE72626E5EA0073DECC /* AppDelegate.swift */; };
		FAE18DEA2626E5EA0073DECC /* SceneDelegate.swift in Sources */ = {isa = PBXBuildFile; fileRef = FAE18DE92626E5EA0073DECC /* SceneDelegate.swift */; };
		FAE18DEC2626E5EA0073DECC /* MapScreen.swift in Sources */ = {isa = PBXBuildFile; fileRef = FAE18DEB2626E5EA0073DECC /* MapScreen.swift */; };
		FAE18DEF2626E5EA0073DECC /* Main.storyboard in Resources */ = {isa = PBXBuildFile; fileRef = FAE18DED2626E5EA0073DECC /* Main.storyboard */; };
		FAE18DF12626E5ED0073DECC /* Assets.xcassets in Resources */ = {isa = PBXBuildFile; fileRef = FAE18DF02626E5ED0073DECC /* Assets.xcassets */; };
		FAE18DF42626E5ED0073DECC /* LaunchScreen.storyboard in Resources */ = {isa = PBXBuildFile; fileRef = FAE18DF22626E5ED0073DECC /* LaunchScreen.storyboard */; };
/* End PBXBuildFile section */

/* Begin PBXFileReference section */
		FAE18DE42626E5EA0073DECC /* User-Location Map.app */ = {isa = PBXFileReference; explicitFileType = wrapper.application; includeInIndex = 0; path = "User-Location Map.app"; sourceTree = BUILT_PRODUCTS_DIR; };
		FAE18DE72626E5EA0073DECC /* AppDelegate.swift */ = {isa = PBXFileReference; lastKnownFileType = sourcecode.swift; path = AppDelegate.swift; sourceTree = "<group>"; };
		FAE18DE92626E5EA0073DECC /* SceneDelegate.swift */ = {isa = PBXFileReference; lastKnownFileType = sourcecode.swift; path = SceneDelegate.swift; sourceTree = "<group>"; };
		FAE18DEB2626E5EA0073DECC /* MapScreen.swift */ = {isa = PBXFileReference; lastKnownFileType = sourcecode.swift; path = MapScreen.swift; sourceTree = "<group>"; };
		FAE18DEE2626E5EA0073DECC /* Base */ = {isa = PBXFileReference; lastKnownFileType = file.storyboard; name = Base; path = Base.lproj/Main.storyboard; sourceTree = "<group>"; };
		FAE18DF02626E5ED0073DECC /* Assets.xcassets */ = {isa = PBXFileReference; lastKnownFileType = folder.assetcatalog; path = Assets.xcassets; sourceTree = "<group>"; };
		FAE18DF32626E5ED0073DECC /* Base */ = {isa = PBXFileReference; lastKnownFileType = file.storyboard; name = Base; path = Base.lproj/LaunchScreen.storyboard; sourceTree = "<group>"; };
		FAE18DF52626E5ED0073DECC /* Info.plist */ = {isa = PBXFileReference; lastKnownFileType = text.plist.xml; path = Info.plist; sourceTree = "<group>"; };
/* End PBXFileReference section */

/* Begin PBXFrameworksBuildPhase section */
		FAE18DE12626E5EA0073DECC /* Frameworks */ = {
			isa = PBXFrameworksBuildPhase;
			buildActionMask = 2147483647;
			files = (
			);
			runOnlyForDeploymentPostprocessing = 0;
		};
/* End PBXFrameworksBuildPhase section */

/* Begin PBXGroup section */
		FAE18DDB2626E5EA0073DECC = {
			isa = PBXGroup;
			children = (
				FAE18DE62626E5EA0073DECC /* User-Location Map */,
				FAE18DE52626E5EA0073DECC /* Products */,
			);
			sourceTree = "<group>";
		};
		FAE18DE52626E5EA0073DECC /* Products */ = {
			isa = PBXGroup;
			children = (
				FAE18DE42626E5EA0073DECC /* User-Location Map.app */,
			);
			name = Products;
			sourceTree = "<group>";
		};
		FAE18DE62626E5EA0073DECC /* User-Location Map */ = {
			isa = PBXGroup;
			children = (
				FAE18DFF2627045E0073DECC /* Controller */,
				FAE18DFD262704410073DECC /* View */,
				FAE18DFE2627044A0073DECC /* Supporting Files */,
			);
			path = "User-Location Map";
			sourceTree = "<group>";
		};
		FAE18DFD262704410073DECC /* View */ = {
			isa = PBXGroup;
			children = (
				FAE18DED2626E5EA0073DECC /* Main.storyboard */,
				FAE18DF22626E5ED0073DECC /* LaunchScreen.storyboard */,
			);
			path = View;
			sourceTree = "<group>";
		};
		FAE18DFE2627044A0073DECC /* Supporting Files */ = {
			isa = PBXGroup;
			children = (
				FAE18DE92626E5EA0073DECC /* SceneDelegate.swift */,
				FAE18DE72626E5EA0073DECC /* AppDelegate.swift */,
				FAE18DF02626E5ED0073DECC /* Assets.xcassets */,
				FAE18DF52626E5ED0073DECC /* Info.plist */,
			);
			path = "Supporting Files";
			sourceTree = "<group>";
		};
		FAE18DFF2627045E0073DECC /* Controller */ = {
			isa = PBXGroup;
			children = (
				FAE18DEB2626E5EA0073DECC /* MapScreen.swift */,
			);
			path = Controller;
			sourceTree = "<group>";
		};
/* End PBXGroup section */

/* Begin PBXNativeTarget section */
		FAE18DE32626E5EA0073DECC /* User-Location Map */ = {
			isa = PBXNativeTarget;
			buildConfigurationList = FAE18DF82626E5ED0073DECC /* Build configuration list for PBXNativeTarget "User-Location Map" */;
			buildPhases = (
				FAE18DE02626E5EA0073DECC /* Sources */,
				FAE18DE12626E5EA0073DECC /* Frameworks */,
				FAE18DE22626E5EA0073DECC /* Resources */,
			);
			buildRules = (
			);
			dependencies = (
			);
			name = "User-Location Map";
			productName = "User-Location Map";
			productReference = FAE18DE42626E5EA0073DECC /* User-Location Map.app */;
			productType = "com.apple.product-type.application";
		};
/* End PBXNativeTarget section */

/* Begin PBXProject section */
		FAE18DDC2626E5EA0073DECC /* Project object */ = {
			isa = PBXProject;
			attributes = {
				LastSwiftUpdateCheck = 1230;
				LastUpgradeCheck = 1230;
				TargetAttributes = {
					FAE18DE32626E5EA0073DECC = {
						CreatedOnToolsVersion = 12.3;
					};
				};
			};
			buildConfigurationList = FAE18DDF2626E5EA0073DECC /* Build configuration list for PBXProject "User-Location Map" */;
			compatibilityVersion = "Xcode 9.3";
			developmentRegion = en;
			hasScannedForEncodings = 0;
			knownRegions = (
				en,
				Base,
			);
			mainGroup = FAE18DDB2626E5EA0073DECC;
			productRefGroup = FAE18DE52626E5EA0073DECC /* Products */;
			projectDirPath = "";
			projectRoot = "";
			targets = (
				FAE18DE32626E5EA0073DECC /* User-Location Map */,
			);
		};
/* End PBXProject section */

/* Begin PBXResourcesBuildPhase section */
		FAE18DE22626E5EA0073DECC /* Resources */ = {
			isa = PBXResourcesBuildPhase;
			buildActionMask = 2147483647;
			files = (
				FAE18DF42626E5ED0073DECC /* LaunchScreen.storyboard in Resources */,
				FAE18DF12626E5ED0073DECC /* Assets.xcassets in Resources */,
				FAE18DEF2626E5EA0073DECC /* Main.storyboard in Resources */,
			);
			runOnlyForDeploymentPostprocessing = 0;
		};
/* End PBXResourcesBuildPhase section */

/* Begin PBXSourcesBuildPhase section */
		FAE18DE02626E5EA0073DECC /* Sources */ = {
			isa = PBXSourcesBuildPhase;
			buildActionMask = 2147483647;
			files = (
				FAE18DEC2626E5EA0073DECC /* MapScreen.swift in Sources */,
				FAE18DE82626E5EA0073DECC /* AppDelegate.swift in Sources */,
				FAE18DEA2626E5EA0073DECC /* SceneDelegate.swift in Sources */,
			);
			runOnlyForDeploymentPostprocessing = 0;
		};
/* End PBXSourcesBuildPhase section */

/* Begin PBXVariantGroup section */
		FAE18DED2626E5EA0073DECC /* Main.storyboard */ = {
			isa = PBXVariantGroup;
			children = (
				FAE18DEE2626E5EA0073DECC /* Base */,
			);
			name = Main.storyboard;
			sourceTree = "<group>";
		};
		FAE18DF22626E5ED0073DECC /* LaunchScreen.storyboard */ = {
			isa = PBXVariantGroup;
			children = (
				FAE18DF32626E5ED0073DECC /* Base */,
			);
			name = LaunchScreen.storyboard;
			sourceTree = "<group>";
		};
/* End PBXVariantGroup section */

/* Begin XCBuildConfiguration section */
		FAE18DF62626E5ED0073DECC /* Debug */ = {
			isa = XCBuildConfiguration;
			buildSettings = {
				ALWAYS_SEARCH_USER_PATHS = NO;
				CLANG_ANALYZER_NONNULL = YES;
				CLANG_ANALYZER_NUMBER_OBJECT_CONVERSION = YES_AGGRESSIVE;
				CLANG_CXX_LANGUAGE_STANDARD = "gnu++14";
				CLANG_CXX_LIBRARY = "libc++";
				CLANG_ENABLE_MODULES = YES;
				CLANG_ENABLE_OBJC_ARC = YES;
				CLANG_ENABLE_OBJC_WEAK = YES;
				CLANG_WARN_BLOCK_CAPTURE_AUTORELEASING = YES;
				CLANG_WARN_BOOL_CONVERSION = YES;
				CLANG_WARN_COMMA = YES;
				CLANG_WARN_CONSTANT_CONVERSION = YES;
				CLANG_WARN_DEPRECATED_OBJC_IMPLEMENTATIONS = YES;
				CLANG_WARN_DIRECT_OBJC_ISA_USAGE = YES_ERROR;
				CLANG_WARN_DOCUMENTATION_COMMENTS = YES;
				CLANG_WARN_EMPTY_BODY = YES;
				CLANG_WARN_ENUM_CONVERSION = YES;
				CLANG_WARN_INFINITE_RECURSION = YES;
				CLANG_WARN_INT_CONVERSION = YES;
				CLANG_WARN_NON_LITERAL_NULL_CONVERSION = YES;
				CLANG_WARN_OBJC_IMPLICIT_RETAIN_SELF = YES;
				CLANG_WARN_OBJC_LITERAL_CONVERSION = YES;
				CLANG_WARN_OBJC_ROOT_CLASS = YES_ERROR;
				CLANG_WARN_QUOTED_INCLUDE_IN_FRAMEWORK_HEADER = YES;
				CLANG_WARN_RANGE_LOOP_ANALYSIS = YES;
				CLANG_WARN_STRICT_PROTOTYPES = YES;
				CLANG_WARN_SUSPICIOUS_MOVE = YES;
				CLANG_WARN_UNGUARDED_AVAILABILITY = YES_AGGRESSIVE;
				CLANG_WARN_UNREACHABLE_CODE = YES;
				CLANG_WARN__DUPLICATE_METHOD_MATCH = YES;
				COPY_PHASE_STRIP = NO;
				DEBUG_INFORMATION_FORMAT = dwarf;
				ENABLE_STRICT_OBJC_MSGSEND = YES;
				ENABLE_TESTABILITY = YES;
				GCC_C_LANGUAGE_STANDARD = gnu11;
				GCC_DYNAMIC_NO_PIC = NO;
				GCC_NO_COMMON_BLOCKS = YES;
				GCC_OPTIMIZATION_LEVEL = 0;
				GCC_PREPROCESSOR_DEFINITIONS = (
					"DEBUG=1",
					"$(inherited)",
				);
				GCC_WARN_64_TO_32_BIT_CONVERSION = YES;
				GCC_WARN_ABOUT_RETURN_TYPE = YES_ERROR;
				GCC_WARN_UNDECLARED_SELECTOR = YES;
				GCC_WARN_UNINITIALIZED_AUTOS = YES_AGGRESSIVE;
				GCC_WARN_UNUSED_FUNCTION = YES;
				GCC_WARN_UNUSED_VARIABLE = YES;
				IPHONEOS_DEPLOYMENT_TARGET = 14.3;
				MTL_ENABLE_DEBUG_INFO = INCLUDE_SOURCE;
				MTL_FAST_MATH = YES;
				ONLY_ACTIVE_ARCH = YES;
				SDKROOT = iphoneos;
				SWIFT_ACTIVE_COMPILATION_CONDITIONS = DEBUG;
				SWIFT_OPTIMIZATION_LEVEL = "-Onone";
			};
			name = Debug;
		};
		FAE18DF72626E5ED0073DECC /* Release */ = {
			isa = XCBuildConfiguration;
			buildSettings = {
				ALWAYS_SEARCH_USER_PATHS = NO;
				CLANG_ANALYZER_NONNULL = YES;
				CLANG_ANALYZER_NUMBER_OBJECT_CONVERSION = YES_AGGRESSIVE;
				CLANG_CXX_LANGUAGE_STANDARD = "gnu++14";
				CLANG_CXX_LIBRARY = "libc++";
				CLANG_ENABLE_MODULES = YES;
				CLANG_ENABLE_OBJC_ARC = YES;
				CLANG_ENABLE_OBJC_WEAK = YES;
				CLANG_WARN_BLOCK_CAPTURE_AUTORELEASING = YES;
				CLANG_WARN_BOOL_CONVERSION = YES;
				CLANG_WARN_COMMA = YES;
				CLANG_WARN_CONSTANT_CONVERSION = YES;
				CLANG_WARN_DEPRECATED_OBJC_IMPLEMENTATIONS = YES;
				CLANG_WARN_DIRECT_OBJC_ISA_USAGE = YES_ERROR;
				CLANG_WARN_DOCUMENTATION_COMMENTS = YES;
				CLANG_WARN_EMPTY_BODY = YES;
				CLANG_WARN_ENUM_CONVERSION = YES;
				CLANG_WARN_INFINITE_RECURSION = YES;
				CLANG_WARN_INT_CONVERSION = YES;
				CLANG_WARN_NON_LITERAL_NULL_CONVERSION = YES;
				CLANG_WARN_OBJC_IMPLICIT_RETAIN_SELF = YES;
				CLANG_WARN_OBJC_LITERAL_CONVERSION = YES;
				CLANG_WARN_OBJC_ROOT_CLASS = YES_ERROR;
				CLANG_WARN_QUOTED_INCLUDE_IN_FRAMEWORK_HEADER = YES;
				CLANG_WARN_RANGE_LOOP_ANALYSIS = YES;
				CLANG_WARN_STRICT_PROTOTYPES = YES;
				CLANG_WARN_SUSPICIOUS_MOVE = YES;
				CLANG_WARN_UNGUARDED_AVAILABILITY = YES_AGGRESSIVE;
				CLANG_WARN_UNREACHABLE_CODE = YES;
				CLANG_WARN__DUPLICATE_METHOD_MATCH = YES;
				COPY_PHASE_STRIP = NO;
				DEBUG_INFORMATION_FORMAT = "dwarf-with-dsym";
				ENABLE_NS_ASSERTIONS = NO;
				ENABLE_STRICT_OBJC_MSGSEND = YES;
				GCC_C_LANGUAGE_STANDARD = gnu11;
				GCC_NO_COMMON_BLOCKS = YES;
				GCC_WARN_64_TO_32_BIT_CONVERSION = YES;
				GCC_WARN_ABOUT_RETURN_TYPE = YES_ERROR;
				GCC_WARN_UNDECLARED_SELECTOR = YES;
				GCC_WARN_UNINITIALIZED_AUTOS = YES_AGGRESSIVE;
				GCC_WARN_UNUSED_FUNCTION = YES;
				GCC_WARN_UNUSED_VARIABLE = YES;
				IPHONEOS_DEPLOYMENT_TARGET = 14.3;
				MTL_ENABLE_DEBUG_INFO = NO;
				MTL_FAST_MATH = YES;
				SDKROOT = iphoneos;
				SWIFT_COMPILATION_MODE = wholemodule;
				SWIFT_OPTIMIZATION_LEVEL = "-O";
				VALIDATE_PRODUCT = YES;
			};
			name = Release;
		};
		FAE18DF92626E5ED0073DECC /* Debug */ = {
			isa = XCBuildConfiguration;
			buildSettings = {
				ASSETCATALOG_COMPILER_APPICON_NAME = AppIcon;
				ASSETCATALOG_COMPILER_GLOBAL_ACCENT_COLOR_NAME = AccentColor;
				CODE_SIGN_STYLE = Automatic;
				DEVELOPMENT_TEAM = KHK3PT3MZR;
				INFOPLIST_FILE = "User-Location Map/Supporting Files/Info.plist";
				LD_RUNPATH_SEARCH_PATHS = (
					"$(inherited)",
					"@executable_path/Frameworks",
				);
				PRODUCT_BUNDLE_IDENTIFIER = "Nikolai.Borisov.User-Location-Map";
				PRODUCT_NAME = "$(TARGET_NAME)";
				SWIFT_VERSION = 5.0;
				TARGETED_DEVICE_FAMILY = "1,2";
			};
			name = Debug;
		};
		FAE18DFA2626E5ED0073DECC /* Release */ = {
			isa = XCBuildConfiguration;
			buildSettings = {
				ASSETCATALOG_COMPILER_APPICON_NAME = AppIcon;
				ASSETCATALOG_COMPILER_GLOBAL_ACCENT_COLOR_NAME = AccentColor;
				CODE_SIGN_STYLE = Automatic;
				DEVELOPMENT_TEAM = KHK3PT3MZR;
				INFOPLIST_FILE = "User-Location Map/Supporting Files/Info.plist";
				LD_RUNPATH_SEARCH_PATHS = (
					"$(inherited)",
					"@executable_path/Frameworks",
				);
				PRODUCT_BUNDLE_IDENTIFIER = "Nikolai.Borisov.User-Location-Map";
				PRODUCT_NAME = "$(TARGET_NAME)";
				SWIFT_VERSION = 5.0;
				TARGETED_DEVICE_FAMILY = "1,2";
			};
			name = Release;
		};
/* End XCBuildConfiguration section */

/* Begin XCConfigurationList section */
		FAE18DDF2626E5EA0073DECC /* Build configuration list for PBXProject "User-Location Map" */ = {
			isa = XCConfigurationList;
			buildConfigurations = (
				FAE18DF62626E5ED0073DECC /* Debug */,
				FAE18DF72626E5ED0073DECC /* Release */,
			);
			defaultConfigurationIsVisible = 0;
			defaultConfigurationName = Release;
		};
		FAE18DF82626E5ED0073DECC /* Build configuration list for PBXNativeTarget "User-Location Map" */ = {
			isa = XCConfigurationList;
			buildConfigurations = (
				FAE18DF92626E5ED0073DECC /* Debug */,
				FAE18DFA2626E5ED0073DECC /* Release */,
			);
			defaultConfigurationIsVisible = 0;
			defaultConfigurationName = Release;
		};
/* End XCConfigurationList section */
	};
	rootObject = FAE18DDC2626E5EA0073DECC /* Project object */;
}
